
Microsoft Visual Studio Solution File, Format Version 12.00
# Visual Studio Version 16
VisualStudioVersion = 16.0.29905.134
MinimumVisualStudioVersion = 10.0.40219.1
Project("{FAE04EC0-301F-11D3-BF4B-00C04F79EFBC}") = "RdpView", "RdpView\RdpView.csproj", "{D314676F-91F4-410E-AD97-A7BA373C79CC}"
EndProject
Global
	GlobalSection(SolutionConfigurationPlatforms) = preSolution
		Debug|Any CPU = Debug|Any CPU
		Debug|x64 = Debug|x64
		Release|Any CPU = Release|Any CPU
		Release|x64 = Release|x64
	EndGlobalSection
	GlobalSection(ProjectConfigurationPlatforms) = postSolution
		{D314676F-91F4-410E-AD97-A7BA373C79CC}.Debug|Any CPU.ActiveCfg = Debug|Any CPU
		{D314676F-91F4-410E-AD97-A7BA373C79CC}.Debug|Any CPU.Build.0 = Debug|Any CPU
		{D314676F-91F4-410E-AD97-A7BA373C79CC}.Debug|x64.ActiveCfg = Debug|x64
		{D314676F-91F4-410E-AD97-A7BA373C79CC}.Debug|x64.Build.0 = Debug|x64
		{D314676F-91F4-410E-AD97-A7BA373C79CC}.Release|Any CPU.ActiveCfg = Release|Any CPU
		{D314676F-91F4-410E-AD97-A7BA373C79CC}.Release|Any CPU.Build.0 = Release|Any CPU
		{D314676F-91F4-410E-AD97-A7BA373C79CC}.Release|x64.ActiveCfg = Release|x64
		{D314676F-91F4-410E-AD97-A7BA373C79CC}.Release|x64.Build.0 = Release|x64
	EndGlobalSection
	GlobalSection(SolutionProperties) = preSolution
		HideSolutionNode = FALSE
	EndGlobalSection
	GlobalSection(ExtensibilityGlobals) = postSolution
		SolutionGuid = {C42CE63A-F851-4D6C-8E09-34F232147C97}
	EndGlobalSection
EndGlobal
